{
  "name": "live-state",
  "version": "0.0.1",
  "lockfileVersion": 2,
  "requires": true,
  "packages": {
    "": {
      "name": "live-state",
      "version": "0.0.1",
      "license": "ISC",
      "devDependencies": {
        "typescript": "^4.2.2"
      },
      "peerDependencies": {
        "phoenix": "1.6.10"
      }
    },
    "node_modules/phoenix": {
      "version": "1.6.10",
      "resolved": "https://registry.npmjs.org/phoenix/-/phoenix-1.6.10.tgz",
      "integrity": "sha512-KfYAJrrw95JGaOlvmZ+lFJZhSfQmo4SVOj6s175/V8YxqhYGO5EGacdrJxQmJ6uhaK4H3S6b0wkC1T33qU/d8Q==",
      "peer": true
    },
    "node_modules/typescript": {
      "version": "4.2.2",
      "resolved": "https://registry.npmjs.org/typescript/-/typescript-4.2.2.tgz",
      "integrity": "sha512-tbb+NVrLfnsJy3M59lsDgrzWIflR4d4TIUjz+heUnHZwdF7YsrMTKoRERiIvI2lvBG95dfpLxB21WZhys1bgaQ==",
      "dev": true,
      "bin": {
        "tsc": "bin/tsc",
        "tsserver": "bin/tsserver"
      },
      "engines": {
        "node": ">=4.2.0"
      }
    }
  },
  "dependencies": {
    "phoenix": {
      "version": "1.6.10",
      "resolved": "https://registry.npmjs.org/phoenix/-/phoenix-1.6.10.tgz",
      "integrity": "sha512-KfYAJrrw95JGaOlvmZ+lFJZhSfQmo4SVOj6s175/V8YxqhYGO5EGacdrJxQmJ6uhaK4H3S6b0wkC1T33qU/d8Q==",
      "peer": true
    },
    "typescript": {
      "version": "4.2.2",
      "resolved": "https://registry.npmjs.org/typescript/-/typescript-4.2.2.tgz",
      "integrity": "sha512-tbb+NVrLfnsJy3M59lsDgrzWIflR4d4TIUjz+heUnHZwdF7YsrMTKoRERiIvI2lvBG95dfpLxB21WZhys1bgaQ==",
      "dev": true
    }
  }
}
